// !$*UTF8*$!
{
	archiveVersion = 1;
	classes = {
	};
	objectVersion = 46;
	objects = {

/* Begin PBXBuildFile section */
		51A8A0B81D0B4C07000E53CC /* HomeViewController.swift in Sources */ = {isa = PBXBuildFile; fileRef = 51A8A0B71D0B4C07000E53CC /* HomeViewController.swift */; };
		51A8A0BA1D0B4C0C000E53CC /* ProfileViewController.swift in Sources */ = {isa = PBXBuildFile; fileRef = 51A8A0B91D0B4C0C000E53CC /* ProfileViewController.swift */; };
		51E4B6B21D0B4819000D9038 /* AppDelegate.swift in Sources */ = {isa = PBXBuildFile; fileRef = 51E4B6B11D0B4819000D9038 /* AppDelegate.swift */; };
		51E4B6B71D0B4819000D9038 /* Main.storyboard in Resources */ = {isa = PBXBuildFile; fileRef = 51E4B6B51D0B4819000D9038 /* Main.storyboard */; };
		51E4B6B91D0B4819000D9038 /* Assets.xcassets in Resources */ = {isa = PBXBuildFile; fileRef = 51E4B6B81D0B4819000D9038 /* Assets.xcassets */; };
		51E4B6BC1D0B4819000D9038 /* LaunchScreen.storyboard in Resources */ = {isa = PBXBuildFile; fileRef = 51E4B6BA1D0B4819000D9038 /* LaunchScreen.storyboard */; };
		51F8D0A11D1DC3D800BA17B9 /* AlertController+Loading.swift in Sources */ = {isa = PBXBuildFile; fileRef = 51F8D0A01D1DC3D800BA17B9 /* AlertController+Loading.swift */; };
		5B05D4AC1E439B51009D9955 /* SessionManager.swift in Sources */ = {isa = PBXBuildFile; fileRef = 5B05D4AB1E439B51009D9955 /* SessionManager.swift */; };
		5F699A091DAFD9EC007D51F3 /* Auth0.plist in Resources */ = {isa = PBXBuildFile; fileRef = 5F699A081DAFD9EC007D51F3 /* Auth0.plist */; };
		A9956886EBED5387B69F6CA3 /* Pods_Auth0Sample.framework in Frameworks */ = {isa = PBXBuildFile; fileRef = 941F4E207A9ACAC7CEF391FC /* Pods_Auth0Sample.framework */; };
/* End PBXBuildFile section */

/* Begin PBXFileReference section */
		1A97BB270D2AB3E78A76FC86 /* Pods-Auth0Sample.release.xcconfig */ = {isa = PBXFileReference; includeInIndex = 1; lastKnownFileType = text.xcconfig; name = "Pods-Auth0Sample.release.xcconfig"; path = "Pods/Target Support Files/Pods-Auth0Sample/Pods-Auth0Sample.release.xcconfig"; sourceTree = "<group>"; };
		51A8A0B71D0B4C07000E53CC /* HomeViewController.swift */ = {isa = PBXFileReference; fileEncoding = 4; lastKnownFileType = sourcecode.swift; path = HomeViewController.swift; sourceTree = "<group>"; };
		51A8A0B91D0B4C0C000E53CC /* ProfileViewController.swift */ = {isa = PBXFileReference; fileEncoding = 4; lastKnownFileType = sourcecode.swift; path = ProfileViewController.swift; sourceTree = "<group>"; };
		51E4B6AE1D0B4819000D9038 /* Auth0Sample.app */ = {isa = PBXFileReference; explicitFileType = wrapper.application; includeInIndex = 0; path = Auth0Sample.app; sourceTree = BUILT_PRODUCTS_DIR; };
		51E4B6B11D0B4819000D9038 /* AppDelegate.swift */ = {isa = PBXFileReference; lastKnownFileType = sourcecode.swift; path = AppDelegate.swift; sourceTree = "<group>"; };
		51E4B6B61D0B4819000D9038 /* Base */ = {isa = PBXFileReference; lastKnownFileType = file.storyboard; name = Base; path = Base.lproj/Main.storyboard; sourceTree = "<group>"; };
		51E4B6B81D0B4819000D9038 /* Assets.xcassets */ = {isa = PBXFileReference; lastKnownFileType = folder.assetcatalog; path = Assets.xcassets; sourceTree = "<group>"; };
		51E4B6BB1D0B4819000D9038 /* Base */ = {isa = PBXFileReference; lastKnownFileType = file.storyboard; name = Base; path = Base.lproj/LaunchScreen.storyboard; sourceTree = "<group>"; };
		51E4B6BD1D0B4819000D9038 /* Info.plist */ = {isa = PBXFileReference; lastKnownFileType = text.plist.xml; path = Info.plist; sourceTree = "<group>"; };
		51F8D0A01D1DC3D800BA17B9 /* AlertController+Loading.swift */ = {isa = PBXFileReference; fileEncoding = 4; lastKnownFileType = sourcecode.swift; path = "AlertController+Loading.swift"; sourceTree = "<group>"; };
		5B05D4AB1E439B51009D9955 /* SessionManager.swift */ = {isa = PBXFileReference; fileEncoding = 4; lastKnownFileType = sourcecode.swift; path = SessionManager.swift; sourceTree = "<group>"; };
		5F699A081DAFD9EC007D51F3 /* Auth0.plist */ = {isa = PBXFileReference; fileEncoding = 4; lastKnownFileType = text.plist.xml; path = Auth0.plist; sourceTree = "<group>"; };
		93FC4714BD1EE0D00B8D705B /* Pods-Auth0Sample.debug.xcconfig */ = {isa = PBXFileReference; includeInIndex = 1; lastKnownFileType = text.xcconfig; name = "Pods-Auth0Sample.debug.xcconfig"; path = "Pods/Target Support Files/Pods-Auth0Sample/Pods-Auth0Sample.debug.xcconfig"; sourceTree = "<group>"; };
		941F4E207A9ACAC7CEF391FC /* Pods_Auth0Sample.framework */ = {isa = PBXFileReference; explicitFileType = wrapper.framework; includeInIndex = 0; path = Pods_Auth0Sample.framework; sourceTree = BUILT_PRODUCTS_DIR; };
/* End PBXFileReference section */

/* Begin PBXFrameworksBuildPhase section */
		51E4B6AB1D0B4819000D9038 /* Frameworks */ = {
			isa = PBXFrameworksBuildPhase;
			buildActionMask = 2147483647;
			files = (
				A9956886EBED5387B69F6CA3 /* Pods_Auth0Sample.framework in Frameworks */,
			);
			runOnlyForDeploymentPostprocessing = 0;
		};
/* End PBXFrameworksBuildPhase section */

/* Begin PBXGroup section */
		153A478119BD6A1FF703785B /* Frameworks */ = {
			isa = PBXGroup;
			children = (
				941F4E207A9ACAC7CEF391FC /* Pods_Auth0Sample.framework */,
			);
			name = Frameworks;
			sourceTree = "<group>";
		};
		2360325B9069AA5F76CE7DFA /* Pods */ = {
			isa = PBXGroup;
			children = (
				93FC4714BD1EE0D00B8D705B /* Pods-Auth0Sample.debug.xcconfig */,
				1A97BB270D2AB3E78A76FC86 /* Pods-Auth0Sample.release.xcconfig */,
			);
			name = Pods;
			sourceTree = "<group>";
		};
		51E4B6A51D0B4819000D9038 = {
			isa = PBXGroup;
			children = (
				51E4B6B01D0B4819000D9038 /* Auth0Sample */,
				51E4B6AF1D0B4819000D9038 /* Products */,
				2360325B9069AA5F76CE7DFA /* Pods */,
				153A478119BD6A1FF703785B /* Frameworks */,
			);
			sourceTree = "<group>";
		};
		51E4B6AF1D0B4819000D9038 /* Products */ = {
			isa = PBXGroup;
			children = (
				51E4B6AE1D0B4819000D9038 /* Auth0Sample.app */,
			);
			name = Products;
			sourceTree = "<group>";
		};
		51E4B6B01D0B4819000D9038 /* Auth0Sample */ = {
			isa = PBXGroup;
			children = (
				5F699A081DAFD9EC007D51F3 /* Auth0.plist */,
				51E4B6B11D0B4819000D9038 /* AppDelegate.swift */,
				51A8A0B71D0B4C07000E53CC /* HomeViewController.swift */,
				51A8A0B91D0B4C0C000E53CC /* ProfileViewController.swift */,
				51E4B6B51D0B4819000D9038 /* Main.storyboard */,
				51E4B6B81D0B4819000D9038 /* Assets.xcassets */,
				51E4B6BA1D0B4819000D9038 /* LaunchScreen.storyboard */,
				51E4B6BD1D0B4819000D9038 /* Info.plist */,
				51F8D0A01D1DC3D800BA17B9 /* AlertController+Loading.swift */,
				5B05D4AB1E439B51009D9955 /* SessionManager.swift */,
			);
			path = Auth0Sample;
			sourceTree = "<group>";
		};
/* End PBXGroup section */

/* Begin PBXNativeTarget section */
		51E4B6AD1D0B4819000D9038 /* Auth0Sample */ = {
			isa = PBXNativeTarget;
			buildConfigurationList = 51E4B6C01D0B4819000D9038 /* Build configuration list for PBXNativeTarget "Auth0Sample" */;
			buildPhases = (
				3D2FD3165E0BF93C79D43E0D /* [CP] Check Pods Manifest.lock */,
				51E4B6AA1D0B4819000D9038 /* Sources */,
				51E4B6AB1D0B4819000D9038 /* Frameworks */,
				51E4B6AC1D0B4819000D9038 /* Resources */,
				02AABF1260A5BF97DA0AD59D /* [CP] Embed Pods Frameworks */,
			);
			buildRules = (
			);
			dependencies = (
			);
			name = Auth0Sample;
			productName = Auth0Sample;
			productReference = 51E4B6AE1D0B4819000D9038 /* Auth0Sample.app */;
			productType = "com.apple.product-type.application";
		};
/* End PBXNativeTarget section */

/* Begin PBXProject section */
		51E4B6A61D0B4819000D9038 /* Project object */ = {
			isa = PBXProject;
			attributes = {
				LastSwiftUpdateCheck = 0730;
				LastUpgradeCheck = 1010;
				ORGANIZATIONNAME = Auth0;
				TargetAttributes = {
					51E4B6AD1D0B4819000D9038 = {
						CreatedOnToolsVersion = 7.3;
						LastSwiftMigration = 0800;
						ProvisioningStyle = Manual;
					};
				};
			};
			buildConfigurationList = 51E4B6A91D0B4819000D9038 /* Build configuration list for PBXProject "Auth0Sample" */;
			compatibilityVersion = "Xcode 3.2";
			developmentRegion = English;
			hasScannedForEncodings = 0;
			knownRegions = (
				English,
				en,
				Base,
			);
			mainGroup = 51E4B6A51D0B4819000D9038;
			productRefGroup = 51E4B6AF1D0B4819000D9038 /* Products */;
			projectDirPath = "";
			projectRoot = "";
			targets = (
				51E4B6AD1D0B4819000D9038 /* Auth0Sample */,
			);
		};
/* End PBXProject section */

/* Begin PBXResourcesBuildPhase section */
		51E4B6AC1D0B4819000D9038 /* Resources */ = {
			isa = PBXResourcesBuildPhase;
			buildActionMask = 2147483647;
			files = (
				51E4B6BC1D0B4819000D9038 /* LaunchScreen.storyboard in Resources */,
				51E4B6B91D0B4819000D9038 /* Assets.xcassets in Resources */,
				51E4B6B71D0B4819000D9038 /* Main.storyboard in Resources */,
				5F699A091DAFD9EC007D51F3 /* Auth0.plist in Resources */,
			);
			runOnlyForDeploymentPostprocessing = 0;
		};
/* End PBXResourcesBuildPhase section */

/* Begin PBXShellScriptBuildPhase section */
		02AABF1260A5BF97DA0AD59D /* [CP] Embed Pods Frameworks */ = {
			isa = PBXShellScriptBuildPhase;
			buildActionMask = 2147483647;
			files = (
			);
			inputPaths = (
				"${PODS_ROOT}/Target Support Files/Pods-Auth0Sample/Pods-Auth0Sample-frameworks.sh",
				"${BUILT_PRODUCTS_DIR}/Auth0/Auth0.framework",
				"${BUILT_PRODUCTS_DIR}/JWTDecode/JWTDecode.framework",
				"${BUILT_PRODUCTS_DIR}/SimpleKeychain/SimpleKeychain.framework",
			);
			name = "[CP] Embed Pods Frameworks";
			outputPaths = (
				"${TARGET_BUILD_DIR}/${FRAMEWORKS_FOLDER_PATH}/Auth0.framework",
				"${TARGET_BUILD_DIR}/${FRAMEWORKS_FOLDER_PATH}/JWTDecode.framework",
				"${TARGET_BUILD_DIR}/${FRAMEWORKS_FOLDER_PATH}/SimpleKeychain.framework",
			);
			runOnlyForDeploymentPostprocessing = 0;
			shellPath = /bin/sh;
			shellScript = "\"${PODS_ROOT}/Target Support Files/Pods-Auth0Sample/Pods-Auth0Sample-frameworks.sh\"\n";
			showEnvVarsInLog = 0;
		};
		3D2FD3165E0BF93C79D43E0D /* [CP] Check Pods Manifest.lock */ = {
			isa = PBXShellScriptBuildPhase;
			buildActionMask = 2147483647;
			files = (
			);
			inputPaths = (
				"${PODS_PODFILE_DIR_PATH}/Podfile.lock",
				"${PODS_ROOT}/Manifest.lock",
			);
			name = "[CP] Check Pods Manifest.lock";
			outputPaths = (
				"$(DERIVED_FILE_DIR)/Pods-Auth0Sample-checkManifestLockResult.txt",
			);
			runOnlyForDeploymentPostprocessing = 0;
			shellPath = /bin/sh;
			shellScript = "diff \"${PODS_PODFILE_DIR_PATH}/Podfile.lock\" \"${PODS_ROOT}/Manifest.lock\" > /dev/null\nif [ $? != 0 ] ; then\n    # print error to STDERR\n    echo \"error: The sandbox is not in sync with the Podfile.lock. Run 'pod install' or update your CocoaPods installation.\" >&2\n    exit 1\nfi\n# This output is used by Xcode 'outputs' to avoid re-running this script phase.\necho \"SUCCESS\" > \"${SCRIPT_OUTPUT_FILE_0}\"\n";
			showEnvVarsInLog = 0;
		};
/* End PBXShellScriptBuildPhase section */

/* Begin PBXSourcesBuildPhase section */
		51E4B6AA1D0B4819000D9038 /* Sources */ = {
			isa = PBXSourcesBuildPhase;
			buildActionMask = 2147483647;
			files = (
				51E4B6B21D0B4819000D9038 /* AppDelegate.swift in Sources */,
				51F8D0A11D1DC3D800BA17B9 /* AlertController+Loading.swift in Sources */,
				51A8A0BA1D0B4C0C000E53CC /* ProfileViewController.swift in Sources */,
				5B05D4AC1E439B51009D9955 /* SessionManager.swift in Sources */,
				51A8A0B81D0B4C07000E53CC /* HomeViewController.swift in Sources */,
			);
			runOnlyForDeploymentPostprocessing = 0;
		};
/* End PBXSourcesBuildPhase section */

/* Begin PBXVariantGroup section */
		51E4B6B51D0B4819000D9038 /* Main.storyboard */ = {
			isa = PBXVariantGroup;
			children = (
				51E4B6B61D0B4819000D9038 /* Base */,
			);
			name = Main.storyboard;
			sourceTree = "<group>";
		};
		51E4B6BA1D0B4819000D9038 /* LaunchScreen.storyboard */ = {
			isa = PBXVariantGroup;
			children = (
				51E4B6BB1D0B4819000D9038 /* Base */,
			);
			name = LaunchScreen.storyboard;
			sourceTree = "<group>";
		};
/* End PBXVariantGroup section */

/* Begin XCBuildConfiguration section */
		51E4B6BE1D0B4819000D9038 /* Debug */ = {
			isa = XCBuildConfiguration;
			buildSettings = {
				ALWAYS_SEARCH_USER_PATHS = NO;
				CLANG_ANALYZER_NONNULL = YES;
				CLANG_CXX_LANGUAGE_STANDARD = "gnu++0x";
				CLANG_CXX_LIBRARY = "libc++";
				CLANG_ENABLE_MODULES = YES;
				CLANG_ENABLE_OBJC_ARC = YES;
				CLANG_WARN_BLOCK_CAPTURE_AUTORELEASING = YES;
				CLANG_WARN_BOOL_CONVERSION = YES;
				CLANG_WARN_COMMA = YES;
				CLANG_WARN_CONSTANT_CONVERSION = YES;
				CLANG_WARN_DEPRECATED_OBJC_IMPLEMENTATIONS = YES;
				CLANG_WARN_DIRECT_OBJC_ISA_USAGE = YES_ERROR;
				CLANG_WARN_EMPTY_BODY = YES;
				CLANG_WARN_ENUM_CONVERSION = YES;
				CLANG_WARN_INFINITE_RECURSION = YES;
				CLANG_WARN_INT_CONVERSION = YES;
				CLANG_WARN_NON_LITERAL_NULL_CONVERSION = YES;
				CLANG_WARN_OBJC_IMPLICIT_RETAIN_SELF = YES;
				CLANG_WARN_OBJC_LITERAL_CONVERSION = YES;
				CLANG_WARN_OBJC_ROOT_CLASS = YES_ERROR;
				CLANG_WARN_RANGE_LOOP_ANALYSIS = YES;
				CLANG_WARN_STRICT_PROTOTYPES = YES;
				CLANG_WARN_SUSPICIOUS_MOVE = YES;
				CLANG_WARN_UNREACHABLE_CODE = YES;
				CLANG_WARN__DUPLICATE_METHOD_MATCH = YES;
				"CODE_SIGN_IDENTITY[sdk=iphoneos*]" = "iPhone Developer";
				COPY_PHASE_STRIP = NO;
				DEBUG_INFORMATION_FORMAT = dwarf;
				ENABLE_STRICT_OBJC_MSGSEND = YES;
				ENABLE_TESTABILITY = YES;
				GCC_C_LANGUAGE_STANDARD = gnu99;
				GCC_DYNAMIC_NO_PIC = NO;
				GCC_NO_COMMON_BLOCKS = YES;
				GCC_OPTIMIZATION_LEVEL = 0;
				GCC_PREPROCESSOR_DEFINITIONS = (
					"DEBUG=1",
					"$(inherited)",
				);
				GCC_WARN_64_TO_32_BIT_CONVERSION = YES;
				GCC_WARN_ABOUT_RETURN_TYPE = YES_ERROR;
				GCC_WARN_UNDECLARED_SELECTOR = YES;
				GCC_WARN_UNINITIALIZED_AUTOS = YES_AGGRESSIVE;
				GCC_WARN_UNUSED_FUNCTION = YES;
				GCC_WARN_UNUSED_VARIABLE = YES;
				IPHONEOS_DEPLOYMENT_TARGET = 9.0;
				MTL_ENABLE_DEBUG_INFO = YES;
				ONLY_ACTIVE_ARCH = YES;
				SDKROOT = iphoneos;
				SWIFT_OPTIMIZATION_LEVEL = "-Onone";
				SWIFT_VERSION = 4.2;
				TARGETED_DEVICE_FAMILY = "1,2";
			};
			name = Debug;
		};
		51E4B6BF1D0B4819000D9038 /* Release */ = {
			isa = XCBuildConfiguration;
			buildSettings = {
				ALWAYS_SEARCH_USER_PATHS = NO;
				CLANG_ANALYZER_NONNULL = YES;
				CLANG_CXX_LANGUAGE_STANDARD = "gnu++0x";
				CLANG_CXX_LIBRARY = "libc++";
				CLANG_ENABLE_MODULES = YES;
				CLANG_ENABLE_OBJC_ARC = YES;
				CLANG_WARN_BLOCK_CAPTURE_AUTORELEASING = YES;
				CLANG_WARN_BOOL_CONVERSION = YES;
				CLANG_WARN_COMMA = YES;
				CLANG_WARN_CONSTANT_CONVERSION = YES;
				CLANG_WARN_DEPRECATED_OBJC_IMPLEMENTATIONS = YES;
				CLANG_WARN_DIRECT_OBJC_ISA_USAGE = YES_ERROR;
				CLANG_WARN_EMPTY_BODY = YES;
				CLANG_WARN_ENUM_CONVERSION = YES;
				CLANG_WARN_INFINITE_RECURSION = YES;
				CLANG_WARN_INT_CONVERSION = YES;
				CLANG_WARN_NON_LITERAL_NULL_CONVERSION = YES;
				CLANG_WARN_OBJC_IMPLICIT_RETAIN_SELF = YES;
				CLANG_WARN_OBJC_LITERAL_CONVERSION = YES;
				CLANG_WARN_OBJC_ROOT_CLASS = YES_ERROR;
				CLANG_WARN_RANGE_LOOP_ANALYSIS = YES;
				CLANG_WARN_STRICT_PROTOTYPES = YES;
				CLANG_WARN_SUSPICIOUS_MOVE = YES;
				CLANG_WARN_UNREACHABLE_CODE = YES;
				CLANG_WARN__DUPLICATE_METHOD_MATCH = YES;
				"CODE_SIGN_IDENTITY[sdk=iphoneos*]" = "iPhone Developer";
				COPY_PHASE_STRIP = NO;
				DEBUG_INFORMATION_FORMAT = "dwarf-with-dsym";
				ENABLE_NS_ASSERTIONS = NO;
				ENABLE_STRICT_OBJC_MSGSEND = YES;
				GCC_C_LANGUAGE_STANDARD = gnu99;
				GCC_NO_COMMON_BLOCKS = YES;
				GCC_WARN_64_TO_32_BIT_CONVERSION = YES;
				GCC_WARN_ABOUT_RETURN_TYPE = YES_ERROR;
				GCC_WARN_UNDECLARED_SELECTOR = YES;
				GCC_WARN_UNINITIALIZED_AUTOS = YES_AGGRESSIVE;
				GCC_WARN_UNUSED_FUNCTION = YES;
				GCC_WARN_UNUSED_VARIABLE = YES;
				IPHONEOS_DEPLOYMENT_TARGET = 9.0;
				MTL_ENABLE_DEBUG_INFO = NO;
				SDKROOT = iphoneos;
				SWIFT_OPTIMIZATION_LEVEL = "-Owholemodule";
				SWIFT_VERSION = 4.2;
				TARGETED_DEVICE_FAMILY = "1,2";
				VALIDATE_PRODUCT = YES;
			};
			name = Release;
		};
		51E4B6C11D0B4819000D9038 /* Debug */ = {
			isa = XCBuildConfiguration;
			baseConfigurationReference = 93FC4714BD1EE0D00B8D705B /* Pods-Auth0Sample.debug.xcconfig */;
			buildSettings = {
				ALWAYS_EMBED_SWIFT_STANDARD_LIBRARIES = "$(inherited)";
				ASSETCATALOG_COMPILER_APPICON_NAME = AppIcon;
				CODE_SIGN_STYLE = Manual;
				DEVELOPMENT_TEAM = "";
				INFOPLIST_FILE = Auth0Sample/Info.plist;
				IPHONEOS_DEPLOYMENT_TARGET = 9.0;
				LD_RUNPATH_SEARCH_PATHS = "$(inherited) @executable_path/Frameworks";
				PRODUCT_BUNDLE_IDENTIFIER = auth0.samples.Auth0Sample;
				PRODUCT_NAME = "$(TARGET_NAME)";
				PROVISIONING_PROFILE_SPECIFIER = "";
				SWIFT_VERSION = 5.0;
			};
			name = Debug;
		};
		51E4B6C21D0B4819000D9038 /* Release */ = {
			isa = XCBuildConfiguration;
			baseConfigurationReference = 1A97BB270D2AB3E78A76FC86 /* Pods-Auth0Sample.release.xcconfig */;
			buildSettings = {
				ALWAYS_EMBED_SWIFT_STANDARD_LIBRARIES = "$(inherited)";
				ASSETCATALOG_COMPILER_APPICON_NAME = AppIcon;
				CODE_SIGN_STYLE = Manual;
				DEVELOPMENT_TEAM = "";
				INFOPLIST_FILE = Auth0Sample/Info.plist;
				IPHONEOS_DEPLOYMENT_TARGET = 9.0;
				LD_RUNPATH_SEARCH_PATHS = "$(inherited) @executable_path/Frameworks";
				PRODUCT_BUNDLE_IDENTIFIER = auth0.samples.Auth0Sample;
				PRODUCT_NAME = "$(TARGET_NAME)";
				PROVISIONING_PROFILE_SPECIFIER = "";
				SWIFT_VERSION = 5.0;
			};
			name = Release;
		};
/* End XCBuildConfiguration section */

/* Begin XCConfigurationList section */
		51E4B6A91D0B4819000D9038 /* Build configuration list for PBXProject "Auth0Sample" */ = {
			isa = XCConfigurationList;
			buildConfigurations = (
				51E4B6BE1D0B4819000D9038 /* Debug */,
				51E4B6BF1D0B4819000D9038 /* Release */,
			);
			defaultConfigurationIsVisible = 0;
			defaultConfigurationName = Release;
		};
		51E4B6C01D0B4819000D9038 /* Build configuration list for PBXNativeTarget "Auth0Sample" */ = {
			isa = XCConfigurationList;
			buildConfigurations = (
				51E4B6C11D0B4819000D9038 /* Debug */,
				51E4B6C21D0B4819000D9038 /* Release */,
			);
			defaultConfigurationIsVisible = 0;
			defaultConfigurationName = Release;
		};
/* End XCConfigurationList section */
	};
	rootObject = 51E4B6A61D0B4819000D9038 /* Project object */;
}
