{
  "object": {
    "pins": [
      {
        "package": "Auth0",
        "repositoryURL": "https://github.com/auth0/Auth0.swift.git",
        "state": {
          "branch": "beta",
          "revision": "1dc6cc0e2b2a30209bd154450a33885808849777",
          "version": null
        }
      },
      {
        "package": "JWTDecode",
        "repositoryURL": "https://github.com/auth0/JWTDecode.swift.git",
        "state": {
          "branch": null,
          "revision": "3cd207fb9e943b6168a117baa3936c823204c2dc",
          "version": "2.6.3"
        }
      },
      {
        "package": "SimpleKeychain",
        "repositoryURL": "https://github.com/auth0/SimpleKeychain.git",
        "state": {
          "branch": null,
          "revision": "b355c569efcd409e252ccbb500d9fc2713b4d64d",
          "version": "0.12.5"
        }
      },
      {
        "package": "ViewInspector",
        "repositoryURL": "https://github.com/nalexn/ViewInspector",
        "state": {
          "branch": null,
          "revision": "6b88c4ec1fa20cf38f2138052e63c8e79df5d76e",
          "version": "0.9.1"
        }
      }
    ]
  },
  "version": 1
}
