// !$*UTF8*$!
{
	archiveVersion = 1;
	classes = {
	};
	objectVersion = 55;
	objects = {

/* Begin PBXBuildFile section */
		5C5DBE83277210B400E19935 /* Auth0 in Frameworks */ = {isa = PBXBuildFile; productRef = 5C5DBE82277210B400E19935 /* Auth0 */; };
		5C5DBE86277210C100E19935 /* Auth0 in Frameworks */ = {isa = PBXBuildFile; productRef = 5C5DBE85277210C100E19935 /* Auth0 */; };
		5C5DBE88277212E000E19935 /* Auth0.plist in Resources */ = {isa = PBXBuildFile; fileRef = 5C5DBE87277212E000E19935 /* Auth0.plist */; };
		5C5DBE89277212E000E19935 /* Auth0.plist in Resources */ = {isa = PBXBuildFile; fileRef = 5C5DBE87277212E000E19935 /* Auth0.plist */; };
		5C6537242772F5D90035759D /* ProfileView.swift in Sources */ = {isa = PBXBuildFile; fileRef = 5C6537232772F5D90035759D /* ProfileView.swift */; };
		5C6537252772F5D90035759D /* ProfileView.swift in Sources */ = {isa = PBXBuildFile; fileRef = 5C6537232772F5D90035759D /* ProfileView.swift */; };
		5C6537272772F5EE0035759D /* User.swift in Sources */ = {isa = PBXBuildFile; fileRef = 5C6537262772F5EE0035759D /* User.swift */; };
		5C6537282772F5EE0035759D /* User.swift in Sources */ = {isa = PBXBuildFile; fileRef = 5C6537262772F5EE0035759D /* User.swift */; };
		5C78D9C127740963000B4B71 /* Views.swift in Sources */ = {isa = PBXBuildFile; fileRef = 5C78D9C027740963000B4B71 /* Views.swift */; };
		5C78D9C227740975000B4B71 /* Views.swift in Sources */ = {isa = PBXBuildFile; fileRef = 5C78D9C027740963000B4B71 /* Views.swift */; };
		5CD3A4642784F5F900B67D88 /* ViewInspector in Frameworks */ = {isa = PBXBuildFile; productRef = 5CD3A4632784F5F900B67D88 /* ViewInspector */; };
		5CD3A4672784F61200B67D88 /* ViewInspector in Frameworks */ = {isa = PBXBuildFile; productRef = 5CD3A4662784F61200B67D88 /* ViewInspector */; };
		5CD3A46B27850B9000B67D88 /* HeroViewTests.swift in Sources */ = {isa = PBXBuildFile; fileRef = 5CD3A46A27850B9000B67D88 /* HeroViewTests.swift */; };
		5CD3A46D27850BA200B67D88 /* HeroViewTests.swift in Sources */ = {isa = PBXBuildFile; fileRef = 5CD3A46C27850BA200B67D88 /* HeroViewTests.swift */; };
		5CD3A470278510C600B67D88 /* ProfileHeaderTests.swift in Sources */ = {isa = PBXBuildFile; fileRef = 5CD3A46E2785107000B67D88 /* ProfileHeaderTests.swift */; };
		5CD3A47227851EF500B67D88 /* ProfileHeaderTests.swift in Sources */ = {isa = PBXBuildFile; fileRef = 5CD3A47127851EF500B67D88 /* ProfileHeaderTests.swift */; };
		5CD3A4742785217600B67D88 /* ProfileCellTests.swift in Sources */ = {isa = PBXBuildFile; fileRef = 5CD3A4732785217600B67D88 /* ProfileCellTests.swift */; };
		5CD3A476278522C600B67D88 /* ProfileCellTests.swift in Sources */ = {isa = PBXBuildFile; fileRef = 5CD3A4732785217600B67D88 /* ProfileCellTests.swift */; };
		5CD3A4782785237000B67D88 /* ProfileViewTests.swift in Sources */ = {isa = PBXBuildFile; fileRef = 5CD3A4772785237000B67D88 /* ProfileViewTests.swift */; };
		5CD3A4792785237000B67D88 /* ProfileViewTests.swift in Sources */ = {isa = PBXBuildFile; fileRef = 5CD3A4772785237000B67D88 /* ProfileViewTests.swift */; };
		5CD3A4832785EB1000B67D88 /* UserTests.swift in Sources */ = {isa = PBXBuildFile; fileRef = 5CD3A4822785EB1000B67D88 /* UserTests.swift */; };
		5CD3A4842785EB1000B67D88 /* UserTests.swift in Sources */ = {isa = PBXBuildFile; fileRef = 5CD3A4822785EB1000B67D88 /* UserTests.swift */; };
		5CD3A48F2788DFCD00B67D88 /* SmokeTests.swift in Sources */ = {isa = PBXBuildFile; fileRef = 5CD3A48E2788DFCD00B67D88 /* SmokeTests.swift */; };
		5CDD8865277102DC00052307 /* App.swift in Sources */ = {isa = PBXBuildFile; fileRef = 5CDD8855277102DA00052307 /* App.swift */; };
		5CDD8866277102DC00052307 /* App.swift in Sources */ = {isa = PBXBuildFile; fileRef = 5CDD8855277102DA00052307 /* App.swift */; };
		5CDD8867277102DC00052307 /* MainView.swift in Sources */ = {isa = PBXBuildFile; fileRef = 5CDD8856277102DA00052307 /* MainView.swift */; };
		5CDD8868277102DC00052307 /* MainView.swift in Sources */ = {isa = PBXBuildFile; fileRef = 5CDD8856277102DA00052307 /* MainView.swift */; };
		5CDD8869277102DC00052307 /* Assets.xcassets in Resources */ = {isa = PBXBuildFile; fileRef = 5CDD8857277102DC00052307 /* Assets.xcassets */; };
		5CDD886A277102DC00052307 /* Assets.xcassets in Resources */ = {isa = PBXBuildFile; fileRef = 5CDD8857277102DC00052307 /* Assets.xcassets */; };
		D569776D278D97D3008E6498 /* SpaceGrotesk.ttf in Resources */ = {isa = PBXBuildFile; fileRef = D569776C278D97D3008E6498 /* SpaceGrotesk.ttf */; };
/* End PBXBuildFile section */

/* Begin PBXContainerItemProxy section */
		5CD3A44D2784E54E00B67D88 /* PBXContainerItemProxy */ = {
			isa = PBXContainerItemProxy;
			containerPortal = 5CDD8850277102DA00052307 /* Project object */;
			proxyType = 1;
			remoteGlobalIDString = 5CDD885B277102DC00052307;
			remoteInfo = "SwiftSample (iOS)";
		};
		5CD3A45B2784E5BC00B67D88 /* PBXContainerItemProxy */ = {
			isa = PBXContainerItemProxy;
			containerPortal = 5CDD8850277102DA00052307 /* Project object */;
			proxyType = 1;
			remoteGlobalIDString = 5CDD8861277102DC00052307;
			remoteInfo = "SwiftSample (macOS)";
		};
		5CD3A4902788DFCD00B67D88 /* PBXContainerItemProxy */ = {
			isa = PBXContainerItemProxy;
			containerPortal = 5CDD8850277102DA00052307 /* Project object */;
			proxyType = 1;
			remoteGlobalIDString = 5CDD885B277102DC00052307;
			remoteInfo = "SwiftSample (iOS)";
		};
/* End PBXContainerItemProxy section */

/* Begin PBXFileReference section */
		5C5DBE87277212E000E19935 /* Auth0.plist */ = {isa = PBXFileReference; lastKnownFileType = text.plist.xml; name = Auth0.plist; path = ../Auth0.plist; sourceTree = "<group>"; };
		5C6537232772F5D90035759D /* ProfileView.swift */ = {isa = PBXFileReference; lastKnownFileType = sourcecode.swift; path = ProfileView.swift; sourceTree = "<group>"; };
		5C6537262772F5EE0035759D /* User.swift */ = {isa = PBXFileReference; lastKnownFileType = sourcecode.swift; path = User.swift; sourceTree = "<group>"; };
		5C78D9C027740963000B4B71 /* Views.swift */ = {isa = PBXFileReference; lastKnownFileType = sourcecode.swift; path = Views.swift; sourceTree = "<group>"; };
		5CA7AC192B893232008EBDCF /* SwiftSample (iOS).entitlements */ = {isa = PBXFileReference; lastKnownFileType = text.plist.entitlements; path = "SwiftSample (iOS).entitlements"; sourceTree = "<group>"; };
		5CD3A4492784E54E00B67D88 /* SwiftSampleTests (iOS).xctest */ = {isa = PBXFileReference; explicitFileType = wrapper.cfbundle; includeInIndex = 0; path = "SwiftSampleTests (iOS).xctest"; sourceTree = BUILT_PRODUCTS_DIR; };
		5CD3A4572784E5BC00B67D88 /* SwiftSampleTests (macOS).xctest */ = {isa = PBXFileReference; explicitFileType = wrapper.cfbundle; includeInIndex = 0; path = "SwiftSampleTests (macOS).xctest"; sourceTree = BUILT_PRODUCTS_DIR; };
		5CD3A46A27850B9000B67D88 /* HeroViewTests.swift */ = {isa = PBXFileReference; lastKnownFileType = sourcecode.swift; path = HeroViewTests.swift; sourceTree = "<group>"; };
		5CD3A46C27850BA200B67D88 /* HeroViewTests.swift */ = {isa = PBXFileReference; lastKnownFileType = sourcecode.swift; path = HeroViewTests.swift; sourceTree = "<group>"; };
		5CD3A46E2785107000B67D88 /* ProfileHeaderTests.swift */ = {isa = PBXFileReference; lastKnownFileType = sourcecode.swift; path = ProfileHeaderTests.swift; sourceTree = "<group>"; };
		5CD3A47127851EF500B67D88 /* ProfileHeaderTests.swift */ = {isa = PBXFileReference; lastKnownFileType = sourcecode.swift; path = ProfileHeaderTests.swift; sourceTree = "<group>"; };
		5CD3A4732785217600B67D88 /* ProfileCellTests.swift */ = {isa = PBXFileReference; lastKnownFileType = sourcecode.swift; path = ProfileCellTests.swift; sourceTree = "<group>"; };
		5CD3A4772785237000B67D88 /* ProfileViewTests.swift */ = {isa = PBXFileReference; lastKnownFileType = sourcecode.swift; path = ProfileViewTests.swift; sourceTree = "<group>"; };
		5CD3A4822785EB1000B67D88 /* UserTests.swift */ = {isa = PBXFileReference; lastKnownFileType = sourcecode.swift; path = UserTests.swift; sourceTree = "<group>"; };
		5CD3A48A2788DFCD00B67D88 /* SwiftSampleUITests.xctest */ = {isa = PBXFileReference; explicitFileType = wrapper.cfbundle; includeInIndex = 0; path = SwiftSampleUITests.xctest; sourceTree = BUILT_PRODUCTS_DIR; };
		5CD3A48E2788DFCD00B67D88 /* SmokeTests.swift */ = {isa = PBXFileReference; lastKnownFileType = sourcecode.swift; path = SmokeTests.swift; sourceTree = "<group>"; };
		5CDD8855277102DA00052307 /* App.swift */ = {isa = PBXFileReference; lastKnownFileType = sourcecode.swift; path = App.swift; sourceTree = "<group>"; };
		5CDD8856277102DA00052307 /* MainView.swift */ = {isa = PBXFileReference; lastKnownFileType = sourcecode.swift; path = MainView.swift; sourceTree = "<group>"; };
		5CDD8857277102DC00052307 /* Assets.xcassets */ = {isa = PBXFileReference; lastKnownFileType = folder.assetcatalog; path = Assets.xcassets; sourceTree = "<group>"; };
		5CDD885C277102DC00052307 /* SwiftSample.app */ = {isa = PBXFileReference; explicitFileType = wrapper.application; includeInIndex = 0; path = SwiftSample.app; sourceTree = BUILT_PRODUCTS_DIR; };
		5CDD8862277102DC00052307 /* SwiftSample.app */ = {isa = PBXFileReference; explicitFileType = wrapper.application; includeInIndex = 0; path = SwiftSample.app; sourceTree = BUILT_PRODUCTS_DIR; };
		5CDD8864277102DC00052307 /* macOS.entitlements */ = {isa = PBXFileReference; lastKnownFileType = text.plist.entitlements; path = macOS.entitlements; sourceTree = "<group>"; };
		D569776C278D97D3008E6498 /* SpaceGrotesk.ttf */ = {isa = PBXFileReference; lastKnownFileType = file; path = SpaceGrotesk.ttf; sourceTree = "<group>"; };
/* End PBXFileReference section */

/* Begin PBXFrameworksBuildPhase section */
		5CD3A4462784E54E00B67D88 /* Frameworks */ = {
			isa = PBXFrameworksBuildPhase;
			buildActionMask = 2147483647;
			files = (
				5CD3A4642784F5F900B67D88 /* ViewInspector in Frameworks */,
			);
			runOnlyForDeploymentPostprocessing = 0;
		};
		5CD3A4542784E5BC00B67D88 /* Frameworks */ = {
			isa = PBXFrameworksBuildPhase;
			buildActionMask = 2147483647;
			files = (
				5CD3A4672784F61200B67D88 /* ViewInspector in Frameworks */,
			);
			runOnlyForDeploymentPostprocessing = 0;
		};
		5CD3A4872788DFCD00B67D88 /* Frameworks */ = {
			isa = PBXFrameworksBuildPhase;
			buildActionMask = 2147483647;
			files = (
			);
			runOnlyForDeploymentPostprocessing = 0;
		};
		5CDD8859277102DC00052307 /* Frameworks */ = {
			isa = PBXFrameworksBuildPhase;
			buildActionMask = 2147483647;
			files = (
				5C5DBE83277210B400E19935 /* Auth0 in Frameworks */,
			);
			runOnlyForDeploymentPostprocessing = 0;
		};
		5CDD885F277102DC00052307 /* Frameworks */ = {
			isa = PBXFrameworksBuildPhase;
			buildActionMask = 2147483647;
			files = (
				5C5DBE86277210C100E19935 /* Auth0 in Frameworks */,
			);
			runOnlyForDeploymentPostprocessing = 0;
		};
/* End PBXFrameworksBuildPhase section */

/* Begin PBXGroup section */
		5C5DBE8A277217D800E19935 /* Sources */ = {
			isa = PBXGroup;
			children = (
				5C78D9BF2774093F000B4B71 /* Supporting Files */,
				5CDD8856277102DA00052307 /* MainView.swift */,
				5C6537232772F5D90035759D /* ProfileView.swift */,
				5C6537262772F5EE0035759D /* User.swift */,
				5C5DBE87277212E000E19935 /* Auth0.plist */,
			);
			path = Sources;
			sourceTree = "<group>";
		};
		5C65372C2773FCFA0035759D /* iOS */ = {
			isa = PBXGroup;
			children = (
				5CA7AC192B893232008EBDCF /* SwiftSample (iOS).entitlements */,
				D569776C278D97D3008E6498 /* SpaceGrotesk.ttf */,
			);
			path = iOS;
			sourceTree = "<group>";
		};
		5C78D9BF2774093F000B4B71 /* Supporting Files */ = {
			isa = PBXGroup;
			children = (
				5C65372C2773FCFA0035759D /* iOS */,
				5CDD8863277102DC00052307 /* macOS */,
				5CDD8855277102DA00052307 /* App.swift */,
				5C78D9C027740963000B4B71 /* Views.swift */,
				5CDD8857277102DC00052307 /* Assets.xcassets */,
			);
			path = "Supporting Files";
			sourceTree = "<group>";
		};
		5CD3A4522784E56300B67D88 /* Tests */ = {
			isa = PBXGroup;
			children = (
				5CD3A475278522A800B67D88 /* Shared */,
				5CD3A46827850B4F00B67D88 /* iOS */,
				5CD3A46927850B5400B67D88 /* macOS */,
			);
			path = Tests;
			sourceTree = "<group>";
		};
		5CD3A46827850B4F00B67D88 /* iOS */ = {
			isa = PBXGroup;
			children = (
				5CD3A46A27850B9000B67D88 /* HeroViewTests.swift */,
				5CD3A46E2785107000B67D88 /* ProfileHeaderTests.swift */,
			);
			path = iOS;
			sourceTree = "<group>";
		};
		5CD3A46927850B5400B67D88 /* macOS */ = {
			isa = PBXGroup;
			children = (
				5CD3A46C27850BA200B67D88 /* HeroViewTests.swift */,
				5CD3A47127851EF500B67D88 /* ProfileHeaderTests.swift */,
			);
			path = macOS;
			sourceTree = "<group>";
		};
		5CD3A475278522A800B67D88 /* Shared */ = {
			isa = PBXGroup;
			children = (
				5CD3A4772785237000B67D88 /* ProfileViewTests.swift */,
				5CD3A4732785217600B67D88 /* ProfileCellTests.swift */,
				5CD3A4822785EB1000B67D88 /* UserTests.swift */,
			);
			path = Shared;
			sourceTree = "<group>";
		};
		5CD3A48B2788DFCD00B67D88 /* UITests */ = {
			isa = PBXGroup;
			children = (
				5CD3A48E2788DFCD00B67D88 /* SmokeTests.swift */,
			);
			path = UITests;
			sourceTree = "<group>";
		};
		5CDD884F277102DA00052307 = {
			isa = PBXGroup;
			children = (
				5C5DBE8A277217D800E19935 /* Sources */,
				5CD3A4522784E56300B67D88 /* Tests */,
				5CD3A48B2788DFCD00B67D88 /* UITests */,
				5CDD885D277102DC00052307 /* Products */,
			);
			sourceTree = "<group>";
		};
		5CDD885D277102DC00052307 /* Products */ = {
			isa = PBXGroup;
			children = (
				5CDD885C277102DC00052307 /* SwiftSample.app */,
				5CDD8862277102DC00052307 /* SwiftSample.app */,
				5CD3A4492784E54E00B67D88 /* SwiftSampleTests (iOS).xctest */,
				5CD3A4572784E5BC00B67D88 /* SwiftSampleTests (macOS).xctest */,
				5CD3A48A2788DFCD00B67D88 /* SwiftSampleUITests.xctest */,
			);
			name = Products;
			sourceTree = "<group>";
		};
		5CDD8863277102DC00052307 /* macOS */ = {
			isa = PBXGroup;
			children = (
				5CDD8864277102DC00052307 /* macOS.entitlements */,
			);
			path = macOS;
			sourceTree = "<group>";
		};
/* End PBXGroup section */

/* Begin PBXNativeTarget section */
		5CD3A4482784E54E00B67D88 /* SwiftSampleTests (iOS) */ = {
			isa = PBXNativeTarget;
			buildConfigurationList = 5CD3A4512784E54E00B67D88 /* Build configuration list for PBXNativeTarget "SwiftSampleTests (iOS)" */;
			buildPhases = (
				5CD3A4452784E54E00B67D88 /* Sources */,
				5CD3A4462784E54E00B67D88 /* Frameworks */,
				5CD3A4472784E54E00B67D88 /* Resources */,
			);
			buildRules = (
			);
			dependencies = (
				5CD3A44E2784E54E00B67D88 /* PBXTargetDependency */,
			);
			name = "SwiftSampleTests (iOS)";
			packageProductDependencies = (
				5CD3A4632784F5F900B67D88 /* ViewInspector */,
			);
			productName = "SwiftSampleTests (iOS)";
			productReference = 5CD3A4492784E54E00B67D88 /* SwiftSampleTests (iOS).xctest */;
			productType = "com.apple.product-type.bundle.unit-test";
		};
		5CD3A4562784E5BC00B67D88 /* SwiftSampleTests (macOS) */ = {
			isa = PBXNativeTarget;
			buildConfigurationList = 5CD3A45D2784E5BC00B67D88 /* Build configuration list for PBXNativeTarget "SwiftSampleTests (macOS)" */;
			buildPhases = (
				5CD3A4532784E5BC00B67D88 /* Sources */,
				5CD3A4542784E5BC00B67D88 /* Frameworks */,
				5CD3A4552784E5BC00B67D88 /* Resources */,
			);
			buildRules = (
			);
			dependencies = (
				5CD3A45C2784E5BC00B67D88 /* PBXTargetDependency */,
			);
			name = "SwiftSampleTests (macOS)";
			packageProductDependencies = (
				5CD3A4662784F61200B67D88 /* ViewInspector */,
			);
			productName = "SwiftSampleTests (macOS)";
			productReference = 5CD3A4572784E5BC00B67D88 /* SwiftSampleTests (macOS).xctest */;
			productType = "com.apple.product-type.bundle.unit-test";
		};
		5CD3A4892788DFCD00B67D88 /* SwiftSampleUITests */ = {
			isa = PBXNativeTarget;
			buildConfigurationList = 5CD3A4942788DFCD00B67D88 /* Build configuration list for PBXNativeTarget "SwiftSampleUITests" */;
			buildPhases = (
				5CD3A4862788DFCD00B67D88 /* Sources */,
				5CD3A4872788DFCD00B67D88 /* Frameworks */,
				5CD3A4882788DFCD00B67D88 /* Resources */,
			);
			buildRules = (
			);
			dependencies = (
				5CD3A4912788DFCD00B67D88 /* PBXTargetDependency */,
			);
			name = SwiftSampleUITests;
			productName = "SwiftSampleUITests (iOS)";
			productReference = 5CD3A48A2788DFCD00B67D88 /* SwiftSampleUITests.xctest */;
			productType = "com.apple.product-type.bundle.ui-testing";
		};
		5CDD885B277102DC00052307 /* SwiftSample (iOS) */ = {
			isa = PBXNativeTarget;
			buildConfigurationList = 5CDD886D277102DC00052307 /* Build configuration list for PBXNativeTarget "SwiftSample (iOS)" */;
			buildPhases = (
				5CDD8858277102DC00052307 /* Sources */,
				5CDD8859277102DC00052307 /* Frameworks */,
				5CDD885A277102DC00052307 /* Resources */,
				5C64E0E62774E805008D6599 /* SwiftLint */,
			);
			buildRules = (
			);
			dependencies = (
			);
			name = "SwiftSample (iOS)";
			packageProductDependencies = (
				5C5DBE82277210B400E19935 /* Auth0 */,
			);
			productName = "SwiftSample (iOS)";
			productReference = 5CDD885C277102DC00052307 /* SwiftSample.app */;
			productType = "com.apple.product-type.application";
		};
		5CDD8861277102DC00052307 /* SwiftSample (macOS) */ = {
			isa = PBXNativeTarget;
			buildConfigurationList = 5CDD8870277102DC00052307 /* Build configuration list for PBXNativeTarget "SwiftSample (macOS)" */;
			buildPhases = (
				5CDD885E277102DC00052307 /* Sources */,
				5CDD885F277102DC00052307 /* Frameworks */,
				5CDD8860277102DC00052307 /* Resources */,
				5C64E0E72774E85D008D6599 /* SwiftLint */,
			);
			buildRules = (
			);
			dependencies = (
			);
			name = "SwiftSample (macOS)";
			packageProductDependencies = (
				5C5DBE85277210C100E19935 /* Auth0 */,
			);
			productName = "SwiftSample (macOS)";
			productReference = 5CDD8862277102DC00052307 /* SwiftSample.app */;
			productType = "com.apple.product-type.application";
		};
/* End PBXNativeTarget section */

/* Begin PBXProject section */
		5CDD8850277102DA00052307 /* Project object */ = {
			isa = PBXProject;
			attributes = {
				BuildIndependentTargetsInParallel = 1;
				LastSwiftUpdateCheck = 1320;
				LastUpgradeCheck = 1400;
				TargetAttributes = {
					5CD3A4482784E54E00B67D88 = {
						CreatedOnToolsVersion = 13.2.1;
						TestTargetID = 5CDD885B277102DC00052307;
					};
					5CD3A4562784E5BC00B67D88 = {
						CreatedOnToolsVersion = 13.2.1;
						TestTargetID = 5CDD8861277102DC00052307;
					};
					5CD3A4892788DFCD00B67D88 = {
						CreatedOnToolsVersion = 13.2.1;
						TestTargetID = 5CDD885B277102DC00052307;
					};
					5CDD885B277102DC00052307 = {
						CreatedOnToolsVersion = 13.2;
					};
					5CDD8861277102DC00052307 = {
						CreatedOnToolsVersion = 13.2;
					};
				};
			};
			buildConfigurationList = 5CDD8853277102DA00052307 /* Build configuration list for PBXProject "SwiftSample" */;
			compatibilityVersion = "Xcode 13.0";
			developmentRegion = en;
			hasScannedForEncodings = 0;
			knownRegions = (
				en,
				Base,
			);
			mainGroup = 5CDD884F277102DA00052307;
			packageReferences = (
				5C5DBE81277210B400E19935 /* XCRemoteSwiftPackageReference "Auth0.swift" */,
				5CD3A4622784F5F900B67D88 /* XCRemoteSwiftPackageReference "ViewInspector" */,
			);
			productRefGroup = 5CDD885D277102DC00052307 /* Products */;
			projectDirPath = "";
			projectRoot = "";
			targets = (
				5CDD885B277102DC00052307 /* SwiftSample (iOS) */,
				5CDD8861277102DC00052307 /* SwiftSample (macOS) */,
				5CD3A4482784E54E00B67D88 /* SwiftSampleTests (iOS) */,
				5CD3A4562784E5BC00B67D88 /* SwiftSampleTests (macOS) */,
				5CD3A4892788DFCD00B67D88 /* SwiftSampleUITests */,
			);
		};
/* End PBXProject section */

/* Begin PBXResourcesBuildPhase section */
		5CD3A4472784E54E00B67D88 /* Resources */ = {
			isa = PBXResourcesBuildPhase;
			buildActionMask = 2147483647;
			files = (
			);
			runOnlyForDeploymentPostprocessing = 0;
		};
		5CD3A4552784E5BC00B67D88 /* Resources */ = {
			isa = PBXResourcesBuildPhase;
			buildActionMask = 2147483647;
			files = (
			);
			runOnlyForDeploymentPostprocessing = 0;
		};
		5CD3A4882788DFCD00B67D88 /* Resources */ = {
			isa = PBXResourcesBuildPhase;
			buildActionMask = 2147483647;
			files = (
			);
			runOnlyForDeploymentPostprocessing = 0;
		};
		5CDD885A277102DC00052307 /* Resources */ = {
			isa = PBXResourcesBuildPhase;
			buildActionMask = 2147483647;
			files = (
				5CDD8869277102DC00052307 /* Assets.xcassets in Resources */,
				5C5DBE88277212E000E19935 /* Auth0.plist in Resources */,
				D569776D278D97D3008E6498 /* SpaceGrotesk.ttf in Resources */,
			);
			runOnlyForDeploymentPostprocessing = 0;
		};
		5CDD8860277102DC00052307 /* Resources */ = {
			isa = PBXResourcesBuildPhase;
			buildActionMask = 2147483647;
			files = (
				5CDD886A277102DC00052307 /* Assets.xcassets in Resources */,
				5C5DBE89277212E000E19935 /* Auth0.plist in Resources */,
			);
			runOnlyForDeploymentPostprocessing = 0;
		};
/* End PBXResourcesBuildPhase section */

/* Begin PBXShellScriptBuildPhase section */
		5C64E0E62774E805008D6599 /* SwiftLint */ = {
			isa = PBXShellScriptBuildPhase;
			alwaysOutOfDate = 1;
			buildActionMask = 2147483647;
			files = (
			);
			inputFileListPaths = (
			);
			inputPaths = (
			);
			name = SwiftLint;
			outputFileListPaths = (
			);
			outputPaths = (
			);
			runOnlyForDeploymentPostprocessing = 0;
			shellPath = /bin/sh;
			shellScript = "if [[ \"${CONFIGURATION}\" = \"Debug\" ]] && [ -z ${CIRCLECI} ] && which swiftlint >/dev/null; then\n    swiftlint\nfi\n";
		};
		5C64E0E72774E85D008D6599 /* SwiftLint */ = {
			isa = PBXShellScriptBuildPhase;
			buildActionMask = 2147483647;
			files = (
			);
			inputFileListPaths = (
			);
			inputPaths = (
			);
			name = SwiftLint;
			outputFileListPaths = (
			);
			outputPaths = (
			);
			runOnlyForDeploymentPostprocessing = 0;
			shellPath = /bin/sh;
			shellScript = "if [[ \"${CONFIGURATION}\" = \"Debug\" ]] && [ -z ${CIRCLECI} ] && which swiftlint >/dev/null; then\n    swiftlint\nfi\n";
		};
/* End PBXShellScriptBuildPhase section */

/* Begin PBXSourcesBuildPhase section */
		5CD3A4452784E54E00B67D88 /* Sources */ = {
			isa = PBXSourcesBuildPhase;
			buildActionMask = 2147483647;
			files = (
				5CD3A46B27850B9000B67D88 /* HeroViewTests.swift in Sources */,
				5CD3A4742785217600B67D88 /* ProfileCellTests.swift in Sources */,
				5CD3A4782785237000B67D88 /* ProfileViewTests.swift in Sources */,
				5CD3A470278510C600B67D88 /* ProfileHeaderTests.swift in Sources */,
				5CD3A4832785EB1000B67D88 /* UserTests.swift in Sources */,
			);
			runOnlyForDeploymentPostprocessing = 0;
		};
		5CD3A4532784E5BC00B67D88 /* Sources */ = {
			isa = PBXSourcesBuildPhase;
			buildActionMask = 2147483647;
			files = (
				5CD3A4792785237000B67D88 /* ProfileViewTests.swift in Sources */,
				5CD3A476278522C600B67D88 /* ProfileCellTests.swift in Sources */,
				5CD3A47227851EF500B67D88 /* ProfileHeaderTests.swift in Sources */,
				5CD3A46D27850BA200B67D88 /* HeroViewTests.swift in Sources */,
				5CD3A4842785EB1000B67D88 /* UserTests.swift in Sources */,
			);
			runOnlyForDeploymentPostprocessing = 0;
		};
		5CD3A4862788DFCD00B67D88 /* Sources */ = {
			isa = PBXSourcesBuildPhase;
			buildActionMask = 2147483647;
			files = (
				5CD3A48F2788DFCD00B67D88 /* SmokeTests.swift in Sources */,
			);
			runOnlyForDeploymentPostprocessing = 0;
		};
		5CDD8858277102DC00052307 /* Sources */ = {
			isa = PBXSourcesBuildPhase;
			buildActionMask = 2147483647;
			files = (
				5CDD8867277102DC00052307 /* MainView.swift in Sources */,
				5C78D9C127740963000B4B71 /* Views.swift in Sources */,
				5C6537272772F5EE0035759D /* User.swift in Sources */,
				5C6537242772F5D90035759D /* ProfileView.swift in Sources */,
				5CDD8865277102DC00052307 /* App.swift in Sources */,
			);
			runOnlyForDeploymentPostprocessing = 0;
		};
		5CDD885E277102DC00052307 /* Sources */ = {
			isa = PBXSourcesBuildPhase;
			buildActionMask = 2147483647;
			files = (
				5CDD8868277102DC00052307 /* MainView.swift in Sources */,
				5C78D9C227740975000B4B71 /* Views.swift in Sources */,
				5C6537282772F5EE0035759D /* User.swift in Sources */,
				5C6537252772F5D90035759D /* ProfileView.swift in Sources */,
				5CDD8866277102DC00052307 /* App.swift in Sources */,
			);
			runOnlyForDeploymentPostprocessing = 0;
		};
/* End PBXSourcesBuildPhase section */

/* Begin PBXTargetDependency section */
		5CD3A44E2784E54E00B67D88 /* PBXTargetDependency */ = {
			isa = PBXTargetDependency;
			target = 5CDD885B277102DC00052307 /* SwiftSample (iOS) */;
			targetProxy = 5CD3A44D2784E54E00B67D88 /* PBXContainerItemProxy */;
		};
		5CD3A45C2784E5BC00B67D88 /* PBXTargetDependency */ = {
			isa = PBXTargetDependency;
			target = 5CDD8861277102DC00052307 /* SwiftSample (macOS) */;
			targetProxy = 5CD3A45B2784E5BC00B67D88 /* PBXContainerItemProxy */;
		};
		5CD3A4912788DFCD00B67D88 /* PBXTargetDependency */ = {
			isa = PBXTargetDependency;
			target = 5CDD885B277102DC00052307 /* SwiftSample (iOS) */;
			targetProxy = 5CD3A4902788DFCD00B67D88 /* PBXContainerItemProxy */;
		};
/* End PBXTargetDependency section */

/* Begin XCBuildConfiguration section */
		5CD3A44F2784E54E00B67D88 /* Debug */ = {
			isa = XCBuildConfiguration;
			buildSettings = {
				BUNDLE_LOADER = "$(TEST_HOST)";
				CODE_SIGN_STYLE = Automatic;
				CURRENT_PROJECT_VERSION = 1;
				GENERATE_INFOPLIST_FILE = YES;
				IPHONEOS_DEPLOYMENT_TARGET = 15.2;
				MARKETING_VERSION = 1.0;
				PRODUCT_BUNDLE_IDENTIFIER = "com.auth0.samples.SwiftSampleTests--iOS-";
				PRODUCT_NAME = "$(TARGET_NAME)";
				SDKROOT = iphoneos;
				SWIFT_EMIT_LOC_STRINGS = NO;
				SWIFT_VERSION = 5.0;
				TARGETED_DEVICE_FAMILY = "1,2";
				TEST_HOST = "$(BUILT_PRODUCTS_DIR)/SwiftSample.app/SwiftSample";
			};
			name = Debug;
		};
		5CD3A4502784E54E00B67D88 /* Release */ = {
			isa = XCBuildConfiguration;
			buildSettings = {
				BUNDLE_LOADER = "$(TEST_HOST)";
				CODE_SIGN_STYLE = Automatic;
				CURRENT_PROJECT_VERSION = 1;
				GENERATE_INFOPLIST_FILE = YES;
				IPHONEOS_DEPLOYMENT_TARGET = 15.2;
				MARKETING_VERSION = 1.0;
				PRODUCT_BUNDLE_IDENTIFIER = "com.auth0.samples.SwiftSampleTests--iOS-";
				PRODUCT_NAME = "$(TARGET_NAME)";
				SDKROOT = iphoneos;
				SWIFT_EMIT_LOC_STRINGS = NO;
				SWIFT_VERSION = 5.0;
				TARGETED_DEVICE_FAMILY = "1,2";
				TEST_HOST = "$(BUILT_PRODUCTS_DIR)/SwiftSample.app/SwiftSample";
				VALIDATE_PRODUCT = YES;
			};
			name = Release;
		};
		5CD3A45E2784E5BC00B67D88 /* Debug */ = {
			isa = XCBuildConfiguration;
			buildSettings = {
				BUNDLE_LOADER = "$(TEST_HOST)";
				CODE_SIGN_STYLE = Automatic;
				CURRENT_PROJECT_VERSION = 1;
				DEAD_CODE_STRIPPING = YES;
				GENERATE_INFOPLIST_FILE = YES;
				MACOSX_DEPLOYMENT_TARGET = 11.6;
				MARKETING_VERSION = 1.0;
				PRODUCT_BUNDLE_IDENTIFIER = "com.auth0.samples.SwiftSampleTests--macOS-";
				PRODUCT_NAME = "$(TARGET_NAME)";
				SDKROOT = macosx;
				SWIFT_EMIT_LOC_STRINGS = NO;
				SWIFT_VERSION = 5.0;
				TEST_HOST = "$(BUILT_PRODUCTS_DIR)/SwiftSample.app/Contents/MacOS/SwiftSample";
			};
			name = Debug;
		};
		5CD3A45F2784E5BC00B67D88 /* Release */ = {
			isa = XCBuildConfiguration;
			buildSettings = {
				BUNDLE_LOADER = "$(TEST_HOST)";
				CODE_SIGN_STYLE = Automatic;
				CURRENT_PROJECT_VERSION = 1;
				DEAD_CODE_STRIPPING = YES;
				GENERATE_INFOPLIST_FILE = YES;
				MACOSX_DEPLOYMENT_TARGET = 11.6;
				MARKETING_VERSION = 1.0;
				PRODUCT_BUNDLE_IDENTIFIER = "com.auth0.samples.SwiftSampleTests--macOS-";
				PRODUCT_NAME = "$(TARGET_NAME)";
				SDKROOT = macosx;
				SWIFT_EMIT_LOC_STRINGS = NO;
				SWIFT_VERSION = 5.0;
				TEST_HOST = "$(BUILT_PRODUCTS_DIR)/SwiftSample.app/Contents/MacOS/SwiftSample";
			};
			name = Release;
		};
		5CD3A4922788DFCD00B67D88 /* Debug */ = {
			isa = XCBuildConfiguration;
			buildSettings = {
				CODE_SIGN_STYLE = Automatic;
				CURRENT_PROJECT_VERSION = 1;
				DEVELOPMENT_TEAM = 22U9KJ5PK6;
				GENERATE_INFOPLIST_FILE = YES;
				IPHONEOS_DEPLOYMENT_TARGET = 15.2;
				MARKETING_VERSION = 1.0;
				PRODUCT_BUNDLE_IDENTIFIER = "com.auth0.samples.SwiftSampleUITests--iOS-";
				PRODUCT_NAME = "$(TARGET_NAME)";
				SDKROOT = iphoneos;
				SWIFT_EMIT_LOC_STRINGS = NO;
				SWIFT_VERSION = 5.0;
				TARGETED_DEVICE_FAMILY = "1,2";
				TEST_TARGET_NAME = "SwiftSample (iOS)";
			};
			name = Debug;
		};
		5CD3A4932788DFCD00B67D88 /* Release */ = {
			isa = XCBuildConfiguration;
			buildSettings = {
				CODE_SIGN_STYLE = Automatic;
				CURRENT_PROJECT_VERSION = 1;
				DEVELOPMENT_TEAM = 22U9KJ5PK6;
				GENERATE_INFOPLIST_FILE = YES;
				IPHONEOS_DEPLOYMENT_TARGET = 15.2;
				MARKETING_VERSION = 1.0;
				PRODUCT_BUNDLE_IDENTIFIER = "com.auth0.samples.SwiftSampleUITests--iOS-";
				PRODUCT_NAME = "$(TARGET_NAME)";
				SDKROOT = iphoneos;
				SWIFT_EMIT_LOC_STRINGS = NO;
				SWIFT_VERSION = 5.0;
				TARGETED_DEVICE_FAMILY = "1,2";
				TEST_TARGET_NAME = "SwiftSample (iOS)";
				VALIDATE_PRODUCT = YES;
			};
			name = Release;
		};
		5CDD886B277102DC00052307 /* Debug */ = {
			isa = XCBuildConfiguration;
			buildSettings = {
				ALWAYS_SEARCH_USER_PATHS = NO;
				CLANG_ANALYZER_NONNULL = YES;
				CLANG_ANALYZER_NUMBER_OBJECT_CONVERSION = YES_AGGRESSIVE;
				CLANG_CXX_LANGUAGE_STANDARD = "gnu++17";
				CLANG_CXX_LIBRARY = "libc++";
				CLANG_ENABLE_MODULES = YES;
				CLANG_ENABLE_OBJC_ARC = YES;
				CLANG_ENABLE_OBJC_WEAK = YES;
				CLANG_WARN_BLOCK_CAPTURE_AUTORELEASING = YES;
				CLANG_WARN_BOOL_CONVERSION = YES;
				CLANG_WARN_COMMA = YES;
				CLANG_WARN_CONSTANT_CONVERSION = YES;
				CLANG_WARN_DEPRECATED_OBJC_IMPLEMENTATIONS = YES;
				CLANG_WARN_DIRECT_OBJC_ISA_USAGE = YES_ERROR;
				CLANG_WARN_DOCUMENTATION_COMMENTS = YES;
				CLANG_WARN_EMPTY_BODY = YES;
				CLANG_WARN_ENUM_CONVERSION = YES;
				CLANG_WARN_INFINITE_RECURSION = YES;
				CLANG_WARN_INT_CONVERSION = YES;
				CLANG_WARN_NON_LITERAL_NULL_CONVERSION = YES;
				CLANG_WARN_OBJC_IMPLICIT_RETAIN_SELF = YES;
				CLANG_WARN_OBJC_LITERAL_CONVERSION = YES;
				CLANG_WARN_OBJC_ROOT_CLASS = YES_ERROR;
				CLANG_WARN_QUOTED_INCLUDE_IN_FRAMEWORK_HEADER = YES;
				CLANG_WARN_RANGE_LOOP_ANALYSIS = YES;
				CLANG_WARN_STRICT_PROTOTYPES = YES;
				CLANG_WARN_SUSPICIOUS_MOVE = YES;
				CLANG_WARN_UNGUARDED_AVAILABILITY = YES_AGGRESSIVE;
				CLANG_WARN_UNREACHABLE_CODE = YES;
				CLANG_WARN__DUPLICATE_METHOD_MATCH = YES;
				COPY_PHASE_STRIP = NO;
				DEAD_CODE_STRIPPING = YES;
				DEBUG_INFORMATION_FORMAT = dwarf;
				ENABLE_STRICT_OBJC_MSGSEND = YES;
				ENABLE_TESTABILITY = YES;
				GCC_C_LANGUAGE_STANDARD = gnu11;
				GCC_DYNAMIC_NO_PIC = NO;
				GCC_NO_COMMON_BLOCKS = YES;
				GCC_OPTIMIZATION_LEVEL = 0;
				GCC_PREPROCESSOR_DEFINITIONS = (
					"DEBUG=1",
					"$(inherited)",
				);
				GCC_WARN_64_TO_32_BIT_CONVERSION = YES;
				GCC_WARN_ABOUT_RETURN_TYPE = YES_ERROR;
				GCC_WARN_UNDECLARED_SELECTOR = YES;
				GCC_WARN_UNINITIALIZED_AUTOS = YES_AGGRESSIVE;
				GCC_WARN_UNUSED_FUNCTION = YES;
				GCC_WARN_UNUSED_VARIABLE = YES;
				MTL_ENABLE_DEBUG_INFO = INCLUDE_SOURCE;
				MTL_FAST_MATH = YES;
				ONLY_ACTIVE_ARCH = YES;
				SWIFT_ACTIVE_COMPILATION_CONDITIONS = DEBUG;
				SWIFT_OPTIMIZATION_LEVEL = "-Onone";
			};
			name = Debug;
		};
		5CDD886C277102DC00052307 /* Release */ = {
			isa = XCBuildConfiguration;
			buildSettings = {
				ALWAYS_SEARCH_USER_PATHS = NO;
				CLANG_ANALYZER_NONNULL = YES;
				CLANG_ANALYZER_NUMBER_OBJECT_CONVERSION = YES_AGGRESSIVE;
				CLANG_CXX_LANGUAGE_STANDARD = "gnu++17";
				CLANG_CXX_LIBRARY = "libc++";
				CLANG_ENABLE_MODULES = YES;
				CLANG_ENABLE_OBJC_ARC = YES;
				CLANG_ENABLE_OBJC_WEAK = YES;
				CLANG_WARN_BLOCK_CAPTURE_AUTORELEASING = YES;
				CLANG_WARN_BOOL_CONVERSION = YES;
				CLANG_WARN_COMMA = YES;
				CLANG_WARN_CONSTANT_CONVERSION = YES;
				CLANG_WARN_DEPRECATED_OBJC_IMPLEMENTATIONS = YES;
				CLANG_WARN_DIRECT_OBJC_ISA_USAGE = YES_ERROR;
				CLANG_WARN_DOCUMENTATION_COMMENTS = YES;
				CLANG_WARN_EMPTY_BODY = YES;
				CLANG_WARN_ENUM_CONVERSION = YES;
				CLANG_WARN_INFINITE_RECURSION = YES;
				CLANG_WARN_INT_CONVERSION = YES;
				CLANG_WARN_NON_LITERAL_NULL_CONVERSION = YES;
				CLANG_WARN_OBJC_IMPLICIT_RETAIN_SELF = YES;
				CLANG_WARN_OBJC_LITERAL_CONVERSION = YES;
				CLANG_WARN_OBJC_ROOT_CLASS = YES_ERROR;
				CLANG_WARN_QUOTED_INCLUDE_IN_FRAMEWORK_HEADER = YES;
				CLANG_WARN_RANGE_LOOP_ANALYSIS = YES;
				CLANG_WARN_STRICT_PROTOTYPES = YES;
				CLANG_WARN_SUSPICIOUS_MOVE = YES;
				CLANG_WARN_UNGUARDED_AVAILABILITY = YES_AGGRESSIVE;
				CLANG_WARN_UNREACHABLE_CODE = YES;
				CLANG_WARN__DUPLICATE_METHOD_MATCH = YES;
				COPY_PHASE_STRIP = NO;
				DEAD_CODE_STRIPPING = YES;
				DEBUG_INFORMATION_FORMAT = "dwarf-with-dsym";
				ENABLE_NS_ASSERTIONS = NO;
				ENABLE_STRICT_OBJC_MSGSEND = YES;
				GCC_C_LANGUAGE_STANDARD = gnu11;
				GCC_NO_COMMON_BLOCKS = YES;
				GCC_WARN_64_TO_32_BIT_CONVERSION = YES;
				GCC_WARN_ABOUT_RETURN_TYPE = YES_ERROR;
				GCC_WARN_UNDECLARED_SELECTOR = YES;
				GCC_WARN_UNINITIALIZED_AUTOS = YES_AGGRESSIVE;
				GCC_WARN_UNUSED_FUNCTION = YES;
				GCC_WARN_UNUSED_VARIABLE = YES;
				MTL_ENABLE_DEBUG_INFO = NO;
				MTL_FAST_MATH = YES;
				SWIFT_COMPILATION_MODE = wholemodule;
				SWIFT_OPTIMIZATION_LEVEL = "-O";
			};
			name = Release;
		};
		5CDD886E277102DC00052307 /* Debug */ = {
			isa = XCBuildConfiguration;
			buildSettings = {
				ASSETCATALOG_COMPILER_APPICON_NAME = AppIcon;
				ASSETCATALOG_COMPILER_GLOBAL_ACCENT_COLOR_NAME = AccentColor;
				CODE_SIGN_ENTITLEMENTS = "SwiftSample (iOS).entitlements";
				CODE_SIGN_STYLE = Automatic;
				CURRENT_PROJECT_VERSION = 1;
				ENABLE_PREVIEWS = YES;
				GENERATE_INFOPLIST_FILE = YES;
				INFOPLIST_FILE = "SwiftSample--iOS--Info.plist";
				INFOPLIST_KEY_UIApplicationSceneManifest_Generation = YES;
				INFOPLIST_KEY_UIApplicationSupportsIndirectInputEvents = YES;
				INFOPLIST_KEY_UILaunchScreen_Generation = YES;
				INFOPLIST_KEY_UISupportedInterfaceOrientations_iPad = "UIInterfaceOrientationPortrait UIInterfaceOrientationPortraitUpsideDown UIInterfaceOrientationLandscapeLeft UIInterfaceOrientationLandscapeRight";
				INFOPLIST_KEY_UISupportedInterfaceOrientations_iPhone = "UIInterfaceOrientationPortrait UIInterfaceOrientationLandscapeLeft UIInterfaceOrientationLandscapeRight";
				IPHONEOS_DEPLOYMENT_TARGET = 15.0;
				LD_RUNPATH_SEARCH_PATHS = (
					"$(inherited)",
					"@executable_path/Frameworks",
				);
				MARKETING_VERSION = 1.0;
				PRODUCT_BUNDLE_IDENTIFIER = com.auth0.samples.SwiftSample;
				PRODUCT_NAME = SwiftSample;
				SDKROOT = iphoneos;
				SWIFT_EMIT_LOC_STRINGS = YES;
				SWIFT_VERSION = 5.0;
				TARGETED_DEVICE_FAMILY = "1,2";
			};
			name = Debug;
		};
		5CDD886F277102DC00052307 /* Release */ = {
			isa = XCBuildConfiguration;
			buildSettings = {
				ASSETCATALOG_COMPILER_APPICON_NAME = AppIcon;
				ASSETCATALOG_COMPILER_GLOBAL_ACCENT_COLOR_NAME = AccentColor;
				CODE_SIGN_ENTITLEMENTS = "SwiftSample (iOS).entitlements";
				CODE_SIGN_STYLE = Automatic;
				CURRENT_PROJECT_VERSION = 1;
				ENABLE_PREVIEWS = YES;
				GENERATE_INFOPLIST_FILE = YES;
				INFOPLIST_FILE = "SwiftSample--iOS--Info.plist";
				INFOPLIST_KEY_UIApplicationSceneManifest_Generation = YES;
				INFOPLIST_KEY_UIApplicationSupportsIndirectInputEvents = YES;
				INFOPLIST_KEY_UILaunchScreen_Generation = YES;
				INFOPLIST_KEY_UISupportedInterfaceOrientations_iPad = "UIInterfaceOrientationPortrait UIInterfaceOrientationPortraitUpsideDown UIInterfaceOrientationLandscapeLeft UIInterfaceOrientationLandscapeRight";
				INFOPLIST_KEY_UISupportedInterfaceOrientations_iPhone = "UIInterfaceOrientationPortrait UIInterfaceOrientationLandscapeLeft UIInterfaceOrientationLandscapeRight";
				IPHONEOS_DEPLOYMENT_TARGET = 15.0;
				LD_RUNPATH_SEARCH_PATHS = (
					"$(inherited)",
					"@executable_path/Frameworks",
				);
				MARKETING_VERSION = 1.0;
				PRODUCT_BUNDLE_IDENTIFIER = com.auth0.samples.SwiftSample;
				PRODUCT_NAME = SwiftSample;
				SDKROOT = iphoneos;
				SWIFT_EMIT_LOC_STRINGS = YES;
				SWIFT_VERSION = 5.0;
				TARGETED_DEVICE_FAMILY = "1,2";
				VALIDATE_PRODUCT = YES;
			};
			name = Release;
		};
		5CDD8871277102DC00052307 /* Debug */ = {
			isa = XCBuildConfiguration;
			buildSettings = {
				ASSETCATALOG_COMPILER_APPICON_NAME = AppIcon;
				ASSETCATALOG_COMPILER_GLOBAL_ACCENT_COLOR_NAME = AccentColor;
				CODE_SIGN_ENTITLEMENTS = "Sources/Supporting Files/macOS/macOS.entitlements";
				CODE_SIGN_IDENTITY = "";
				CODE_SIGN_STYLE = Manual;
				COMBINE_HIDPI_IMAGES = YES;
				CURRENT_PROJECT_VERSION = 1;
				DEAD_CODE_STRIPPING = YES;
				DEVELOPMENT_TEAM = "";
				ENABLE_PREVIEWS = YES;
				GENERATE_INFOPLIST_FILE = YES;
				INFOPLIST_KEY_NSHumanReadableCopyright = "";
				LD_RUNPATH_SEARCH_PATHS = (
					"$(inherited)",
					"@executable_path/../Frameworks",
				);
				MACOSX_DEPLOYMENT_TARGET = 11.0;
				MARKETING_VERSION = 1.0;
				PRODUCT_BUNDLE_IDENTIFIER = com.auth0.samples.SwiftSample;
				PRODUCT_NAME = SwiftSample;
				PROVISIONING_PROFILE_SPECIFIER = "";
				SDKROOT = macosx;
				SWIFT_EMIT_LOC_STRINGS = YES;
				SWIFT_VERSION = 5.0;
			};
			name = Debug;
		};
		5CDD8872277102DC00052307 /* Release */ = {
			isa = XCBuildConfiguration;
			buildSettings = {
				ASSETCATALOG_COMPILER_APPICON_NAME = AppIcon;
				ASSETCATALOG_COMPILER_GLOBAL_ACCENT_COLOR_NAME = AccentColor;
				CODE_SIGN_ENTITLEMENTS = "Sources/Supporting Files/macOS/macOS.entitlements";
				CODE_SIGN_IDENTITY = "";
				CODE_SIGN_STYLE = Manual;
				COMBINE_HIDPI_IMAGES = YES;
				CURRENT_PROJECT_VERSION = 1;
				DEAD_CODE_STRIPPING = YES;
				DEVELOPMENT_TEAM = "";
				ENABLE_PREVIEWS = YES;
				GENERATE_INFOPLIST_FILE = YES;
				INFOPLIST_KEY_NSHumanReadableCopyright = "";
				LD_RUNPATH_SEARCH_PATHS = (
					"$(inherited)",
					"@executable_path/../Frameworks",
				);
				MACOSX_DEPLOYMENT_TARGET = 11.0;
				MARKETING_VERSION = 1.0;
				PRODUCT_BUNDLE_IDENTIFIER = com.auth0.samples.SwiftSample;
				PRODUCT_NAME = SwiftSample;
				PROVISIONING_PROFILE_SPECIFIER = "";
				SDKROOT = macosx;
				SWIFT_EMIT_LOC_STRINGS = YES;
				SWIFT_VERSION = 5.0;
			};
			name = Release;
		};
/* End XCBuildConfiguration section */

/* Begin XCConfigurationList section */
		5CD3A4512784E54E00B67D88 /* Build configuration list for PBXNativeTarget "SwiftSampleTests (iOS)" */ = {
			isa = XCConfigurationList;
			buildConfigurations = (
				5CD3A44F2784E54E00B67D88 /* Debug */,
				5CD3A4502784E54E00B67D88 /* Release */,
			);
			defaultConfigurationIsVisible = 0;
			defaultConfigurationName = Release;
		};
		5CD3A45D2784E5BC00B67D88 /* Build configuration list for PBXNativeTarget "SwiftSampleTests (macOS)" */ = {
			isa = XCConfigurationList;
			buildConfigurations = (
				5CD3A45E2784E5BC00B67D88 /* Debug */,
				5CD3A45F2784E5BC00B67D88 /* Release */,
			);
			defaultConfigurationIsVisible = 0;
			defaultConfigurationName = Release;
		};
		5CD3A4942788DFCD00B67D88 /* Build configuration list for PBXNativeTarget "SwiftSampleUITests" */ = {
			isa = XCConfigurationList;
			buildConfigurations = (
				5CD3A4922788DFCD00B67D88 /* Debug */,
				5CD3A4932788DFCD00B67D88 /* Release */,
			);
			defaultConfigurationIsVisible = 0;
			defaultConfigurationName = Release;
		};
		5CDD8853277102DA00052307 /* Build configuration list for PBXProject "SwiftSample" */ = {
			isa = XCConfigurationList;
			buildConfigurations = (
				5CDD886B277102DC00052307 /* Debug */,
				5CDD886C277102DC00052307 /* Release */,
			);
			defaultConfigurationIsVisible = 0;
			defaultConfigurationName = Release;
		};
		5CDD886D277102DC00052307 /* Build configuration list for PBXNativeTarget "SwiftSample (iOS)" */ = {
			isa = XCConfigurationList;
			buildConfigurations = (
				5CDD886E277102DC00052307 /* Debug */,
				5CDD886F277102DC00052307 /* Release */,
			);
			defaultConfigurationIsVisible = 0;
			defaultConfigurationName = Release;
		};
		5CDD8870277102DC00052307 /* Build configuration list for PBXNativeTarget "SwiftSample (macOS)" */ = {
			isa = XCConfigurationList;
			buildConfigurations = (
				5CDD8871277102DC00052307 /* Debug */,
				5CDD8872277102DC00052307 /* Release */,
			);
			defaultConfigurationIsVisible = 0;
			defaultConfigurationName = Release;
		};
/* End XCConfigurationList section */

/* Begin XCRemoteSwiftPackageReference section */
		5C5DBE81277210B400E19935 /* XCRemoteSwiftPackageReference "Auth0.swift" */ = {
			isa = XCRemoteSwiftPackageReference;
			repositoryURL = "https://github.com/auth0/Auth0.swift.git";
			requirement = {
				kind = upToNextMajorVersion;
				minimumVersion = 2.6.0;
			};
		};
		5CD3A4622784F5F900B67D88 /* XCRemoteSwiftPackageReference "ViewInspector" */ = {
			isa = XCRemoteSwiftPackageReference;
			repositoryURL = "https://github.com/nalexn/ViewInspector";
			requirement = {
				kind = exactVersion;
				version = 0.9.6;
			};
		};
/* End XCRemoteSwiftPackageReference section */

/* Begin XCSwiftPackageProductDependency section */
		5C5DBE82277210B400E19935 /* Auth0 */ = {
			isa = XCSwiftPackageProductDependency;
			package = 5C5DBE81277210B400E19935 /* XCRemoteSwiftPackageReference "Auth0.swift" */;
			productName = Auth0;
		};
		5C5DBE85277210C100E19935 /* Auth0 */ = {
			isa = XCSwiftPackageProductDependency;
			package = 5C5DBE81277210B400E19935 /* XCRemoteSwiftPackageReference "Auth0.swift" */;
			productName = Auth0;
		};
		5CD3A4632784F5F900B67D88 /* ViewInspector */ = {
			isa = XCSwiftPackageProductDependency;
			package = 5CD3A4622784F5F900B67D88 /* XCRemoteSwiftPackageReference "ViewInspector" */;
			productName = ViewInspector;
		};
		5CD3A4662784F61200B67D88 /* ViewInspector */ = {
			isa = XCSwiftPackageProductDependency;
			package = 5CD3A4622784F5F900B67D88 /* XCRemoteSwiftPackageReference "ViewInspector" */;
			productName = ViewInspector;
		};
/* End XCSwiftPackageProductDependency section */
	};
	rootObject = 5CDD8850277102DA00052307 /* Project object */;
}
